// !$*UTF8*$!
{
	archiveVersion = 1;
	classes = {
	};
	objectVersion = 48;
	objects = {

/* Begin PBXBuildFile section */
		8455DC9C1FAB42AD006D7B17 /* ButtonValidationHelper.swift in Sources */ = {isa = PBXBuildFile; fileRef = 8455DC9B1FAB42AD006D7B17 /* ButtonValidationHelper.swift */; };
		84C5379F1FA88E0A003C3E39 /* AppDelegate.swift in Sources */ = {isa = PBXBuildFile; fileRef = 84C5379E1FA88E0A003C3E39 /* AppDelegate.swift */; };
		84C537A41FA88E0A003C3E39 /* Main.storyboard in Resources */ = {isa = PBXBuildFile; fileRef = 84C537A21FA88E0A003C3E39 /* Main.storyboard */; };
		84C537A61FA88E0A003C3E39 /* Assets.xcassets in Resources */ = {isa = PBXBuildFile; fileRef = 84C537A51FA88E0A003C3E39 /* Assets.xcassets */; };
		84C537A91FA88E0A003C3E39 /* LaunchScreen.storyboard in Resources */ = {isa = PBXBuildFile; fileRef = 84C537A71FA88E0A003C3E39 /* LaunchScreen.storyboard */; };
		84C537B11FA88E9A003C3E39 /* UsersListTableViewController.swift in Sources */ = {isa = PBXBuildFile; fileRef = 84C537B01FA88E9A003C3E39 /* UsersListTableViewController.swift */; };
		84C537B31FA89270003C3E39 /* AddEditUserTableViewController.swift in Sources */ = {isa = PBXBuildFile; fileRef = 84C537B21FA89270003C3E39 /* AddEditUserTableViewController.swift */; };
		84C537B51FA89359003C3E39 /* User.swift in Sources */ = {isa = PBXBuildFile; fileRef = 84C537B41FA89359003C3E39 /* User.swift */; };
		84C537B71FA89A8C003C3E39 /* UsersTableViewCell.swift in Sources */ = {isa = PBXBuildFile; fileRef = 84C537B61FA89A8C003C3E39 /* UsersTableViewCell.swift */; };
		AC75C40513BE5EDB8AEA341D /* Pods_BinaryBlitzTestTask.framework in Frameworks */ = {isa = PBXBuildFile; fileRef = D5315CF3D0B7405CA918CE3F /* Pods_BinaryBlitzTestTask.framework */; };
/* End PBXBuildFile section */

/* Begin PBXFileReference section */
		06ECDAA8D2DAAF148E0E663B /* Pods-BinaryBlitzTestTask.release.xcconfig */ = {isa = PBXFileReference; includeInIndex = 1; lastKnownFileType = text.xcconfig; name = "Pods-BinaryBlitzTestTask.release.xcconfig"; path = "Pods/Target Support Files/Pods-BinaryBlitzTestTask/Pods-BinaryBlitzTestTask.release.xcconfig"; sourceTree = "<group>"; };
		2B924FEB9B0C95CFBD748A23 /* Pods-BinaryBlitzTestTask.debug.xcconfig */ = {isa = PBXFileReference; includeInIndex = 1; lastKnownFileType = text.xcconfig; name = "Pods-BinaryBlitzTestTask.debug.xcconfig"; path = "Pods/Target Support Files/Pods-BinaryBlitzTestTask/Pods-BinaryBlitzTestTask.debug.xcconfig"; sourceTree = "<group>"; };
		8455DC9B1FAB42AD006D7B17 /* ButtonValidationHelper.swift */ = {isa = PBXFileReference; lastKnownFileType = sourcecode.swift; path = ButtonValidationHelper.swift; sourceTree = "<group>"; };
		84C5379B1FA88E0A003C3E39 /* BinaryBlitzTestTask.app */ = {isa = PBXFileReference; explicitFileType = wrapper.application; includeInIndex = 0; path = BinaryBlitzTestTask.app; sourceTree = BUILT_PRODUCTS_DIR; };
		84C5379E1FA88E0A003C3E39 /* AppDelegate.swift */ = {isa = PBXFileReference; lastKnownFileType = sourcecode.swift; path = AppDelegate.swift; sourceTree = "<group>"; };
		84C537A31FA88E0A003C3E39 /* Base */ = {isa = PBXFileReference; lastKnownFileType = file.storyboard; name = Base; path = Base.lproj/Main.storyboard; sourceTree = "<group>"; };
		84C537A51FA88E0A003C3E39 /* Assets.xcassets */ = {isa = PBXFileReference; lastKnownFileType = folder.assetcatalog; path = Assets.xcassets; sourceTree = "<group>"; };
		84C537A81FA88E0A003C3E39 /* Base */ = {isa = PBXFileReference; lastKnownFileType = file.storyboard; name = Base; path = Base.lproj/LaunchScreen.storyboard; sourceTree = "<group>"; };
		84C537AA1FA88E0A003C3E39 /* Info.plist */ = {isa = PBXFileReference; lastKnownFileType = text.plist.xml; path = Info.plist; sourceTree = "<group>"; };
		84C537B01FA88E9A003C3E39 /* UsersListTableViewController.swift */ = {isa = PBXFileReference; lastKnownFileType = sourcecode.swift; path = UsersListTableViewController.swift; sourceTree = "<group>"; };
		84C537B21FA89270003C3E39 /* AddEditUserTableViewController.swift */ = {isa = PBXFileReference; lastKnownFileType = sourcecode.swift; path = AddEditUserTableViewController.swift; sourceTree = "<group>"; };
		84C537B41FA89359003C3E39 /* User.swift */ = {isa = PBXFileReference; lastKnownFileType = sourcecode.swift; path = User.swift; sourceTree = "<group>"; };
		84C537B61FA89A8C003C3E39 /* UsersTableViewCell.swift */ = {isa = PBXFileReference; lastKnownFileType = sourcecode.swift; path = UsersTableViewCell.swift; sourceTree = "<group>"; };
		D5315CF3D0B7405CA918CE3F /* Pods_BinaryBlitzTestTask.framework */ = {isa = PBXFileReference; explicitFileType = wrapper.framework; includeInIndex = 0; path = Pods_BinaryBlitzTestTask.framework; sourceTree = BUILT_PRODUCTS_DIR; };
/* End PBXFileReference section */

/* Begin PBXFrameworksBuildPhase section */
		84C537981FA88E0A003C3E39 /* Frameworks */ = {
			isa = PBXFrameworksBuildPhase;
			buildActionMask = 2147483647;
			files = (
				AC75C40513BE5EDB8AEA341D /* Pods_BinaryBlitzTestTask.framework in Frameworks */,
			);
			runOnlyForDeploymentPostprocessing = 0;
		};
/* End PBXFrameworksBuildPhase section */

/* Begin PBXGroup section */
		029065C3F4523844DB6555B2 /* Frameworks */ = {
			isa = PBXGroup;
			children = (
				D5315CF3D0B7405CA918CE3F /* Pods_BinaryBlitzTestTask.framework */,
			);
			name = Frameworks;
			sourceTree = "<group>";
		};
		2CE4F762965C09352F9673EE /* Pods */ = {
			isa = PBXGroup;
			children = (
				2B924FEB9B0C95CFBD748A23 /* Pods-BinaryBlitzTestTask.debug.xcconfig */,
				06ECDAA8D2DAAF148E0E663B /* Pods-BinaryBlitzTestTask.release.xcconfig */,
			);
			name = Pods;
			sourceTree = "<group>";
		};
		84583FF01FAB521E00F72CE1 /* Model */ = {
			isa = PBXGroup;
			children = (
				84C537B41FA89359003C3E39 /* User.swift */,
				8455DC9B1FAB42AD006D7B17 /* ButtonValidationHelper.swift */,
			);
			path = Model;
			sourceTree = "<group>";
		};
		84583FF11FAB523500F72CE1 /* Controllers */ = {
			isa = PBXGroup;
			children = (
				84C5379E1FA88E0A003C3E39 /* AppDelegate.swift */,
				84C537B01FA88E9A003C3E39 /* UsersListTableViewController.swift */,
				84C537B61FA89A8C003C3E39 /* UsersTableViewCell.swift */,
				84C537B21FA89270003C3E39 /* AddEditUserTableViewController.swift */,
			);
			path = Controllers;
			sourceTree = "<group>";
		};
		84583FF21FAB525E00F72CE1 /* View */ = {
			isa = PBXGroup;
			children = (
				84C537A21FA88E0A003C3E39 /* Main.storyboard */,
				84C537A71FA88E0A003C3E39 /* LaunchScreen.storyboard */,
			);
			path = View;
			sourceTree = "<group>";
		};
		84C537921FA88E0A003C3E39 = {
			isa = PBXGroup;
			children = (
				84C5379D1FA88E0A003C3E39 /* BinaryBlitzTestTask */,
				84C5379C1FA88E0A003C3E39 /* Products */,
				2CE4F762965C09352F9673EE /* Pods */,
				029065C3F4523844DB6555B2 /* Frameworks */,
			);
			sourceTree = "<group>";
		};
		84C5379C1FA88E0A003C3E39 /* Products */ = {
			isa = PBXGroup;
			children = (
				84C5379B1FA88E0A003C3E39 /* BinaryBlitzTestTask.app */,
			);
			name = Products;
			sourceTree = "<group>";
		};
		84C5379D1FA88E0A003C3E39 /* BinaryBlitzTestTask */ = {
			isa = PBXGroup;
			children = (
				84583FF21FAB525E00F72CE1 /* View */,
				84583FF11FAB523500F72CE1 /* Controllers */,
				84583FF01FAB521E00F72CE1 /* Model */,
				84C537A51FA88E0A003C3E39 /* Assets.xcassets */,
				84C537AA1FA88E0A003C3E39 /* Info.plist */,
			);
			path = BinaryBlitzTestTask;
			sourceTree = "<group>";
		};
/* End PBXGroup section */

/* Begin PBXNativeTarget section */
		84C5379A1FA88E0A003C3E39 /* BinaryBlitzTestTask */ = {
			isa = PBXNativeTarget;
			buildConfigurationList = 84C537AD1FA88E0A003C3E39 /* Build configuration list for PBXNativeTarget "BinaryBlitzTestTask" */;
			buildPhases = (
				A38E4F1E51E80C90F38F5A83 /* [CP] Check Pods Manifest.lock */,
				84C537971FA88E0A003C3E39 /* Sources */,
				84C537981FA88E0A003C3E39 /* Frameworks */,
				84C537991FA88E0A003C3E39 /* Resources */,
				BB20D52FF143886E06E3E655 /* [CP] Embed Pods Frameworks */,
				6DB3E4879DCCD55066191CE0 /* [CP] Copy Pods Resources */,
			);
			buildRules = (
			);
			dependencies = (
			);
			name = BinaryBlitzTestTask;
			productName = BinaryBlitzTestTask;
			productReference = 84C5379B1FA88E0A003C3E39 /* BinaryBlitzTestTask.app */;
			productType = "com.apple.product-type.application";
		};
/* End PBXNativeTarget section */

/* Begin PBXProject section */
		84C537931FA88E0A003C3E39 /* Project object */ = {
			isa = PBXProject;
			attributes = {
				LastSwiftUpdateCheck = 0900;
				LastUpgradeCheck = 0900;
				ORGANIZATIONNAME = NS;
				TargetAttributes = {
					84C5379A1FA88E0A003C3E39 = {
						CreatedOnToolsVersion = 9.0.1;
						ProvisioningStyle = Automatic;
					};
				};
			};
			buildConfigurationList = 84C537961FA88E0A003C3E39 /* Build configuration list for PBXProject "BinaryBlitzTestTask" */;
			compatibilityVersion = "Xcode 8.0";
			developmentRegion = en;
			hasScannedForEncodings = 0;
			knownRegions = (
				en,
				Base,
			);
			mainGroup = 84C537921FA88E0A003C3E39;
			productRefGroup = 84C5379C1FA88E0A003C3E39 /* Products */;
			projectDirPath = "";
			projectRoot = "";
			targets = (
				84C5379A1FA88E0A003C3E39 /* BinaryBlitzTestTask */,
			);
		};
/* End PBXProject section */

/* Begin PBXResourcesBuildPhase section */
		84C537991FA88E0A003C3E39 /* Resources */ = {
			isa = PBXResourcesBuildPhase;
			buildActionMask = 2147483647;
			files = (
				84C537A91FA88E0A003C3E39 /* LaunchScreen.storyboard in Resources */,
				84C537A61FA88E0A003C3E39 /* Assets.xcassets in Resources */,
				84C537A41FA88E0A003C3E39 /* Main.storyboard in Resources */,
			);
			runOnlyForDeploymentPostprocessing = 0;
		};
/* End PBXResourcesBuildPhase section */

/* Begin PBXShellScriptBuildPhase section */
		6DB3E4879DCCD55066191CE0 /* [CP] Copy Pods Resources */ = {
			isa = PBXShellScriptBuildPhase;
			buildActionMask = 2147483647;
			files = (
			);
			inputPaths = (
			);
			name = "[CP] Copy Pods Resources";
			outputPaths = (
			);
			runOnlyForDeploymentPostprocessing = 0;
			shellPath = /bin/sh;
			shellScript = "\"${SRCROOT}/Pods/Target Support Files/Pods-BinaryBlitzTestTask/Pods-BinaryBlitzTestTask-resources.sh\"\n";
			showEnvVarsInLog = 0;
		};
		A38E4F1E51E80C90F38F5A83 /* [CP] Check Pods Manifest.lock */ = {
			isa = PBXShellScriptBuildPhase;
			buildActionMask = 2147483647;
			files = (
			);
			inputPaths = (
			);
			name = "[CP] Check Pods Manifest.lock";
			outputPaths = (
			);
			runOnlyForDeploymentPostprocessing = 0;
			shellPath = /bin/sh;
			shellScript = "diff \"${PODS_PODFILE_DIR_PATH}/Podfile.lock\" \"${PODS_ROOT}/Manifest.lock\" > /dev/null\nif [ $? != 0 ] ; then\n    # print error to STDERR\n    echo \"error: The sandbox is not in sync with the Podfile.lock. Run 'pod install' or update your CocoaPods installation.\" >&2\n    exit 1\nfi\n";
			showEnvVarsInLog = 0;
		};
		BB20D52FF143886E06E3E655 /* [CP] Embed Pods Frameworks */ = {
			isa = PBXShellScriptBuildPhase;
			buildActionMask = 2147483647;
			files = (
			);
			inputPaths = (
			);
			name = "[CP] Embed Pods Frameworks";
			outputPaths = (
			);
			runOnlyForDeploymentPostprocessing = 0;
			shellPath = /bin/sh;
			shellScript = "\"${SRCROOT}/Pods/Target Support Files/Pods-BinaryBlitzTestTask/Pods-BinaryBlitzTestTask-frameworks.sh\"\n";
			showEnvVarsInLog = 0;
		};
/* End PBXShellScriptBuildPhase section */

/* Begin PBXSourcesBuildPhase section */
		84C537971FA88E0A003C3E39 /* Sources */ = {
			isa = PBXSourcesBuildPhase;
			buildActionMask = 2147483647;
			files = (
				84C537B31FA89270003C3E39 /* AddEditUserTableViewController.swift in Sources */,
				84C537B11FA88E9A003C3E39 /* UsersListTableViewController.swift in Sources */,
				8455DC9C1FAB42AD006D7B17 /* ButtonValidationHelper.swift in Sources */,
				84C537B51FA89359003C3E39 /* User.swift in Sources */,
				84C537B71FA89A8C003C3E39 /* UsersTableViewCell.swift in Sources */,
				84C5379F1FA88E0A003C3E39 /* AppDelegate.swift in Sources */,
			);
			runOnlyForDeploymentPostprocessing = 0;
		};
/* End PBXSourcesBuildPhase section */

/* Begin PBXVariantGroup section */
		84C537A21FA88E0A003C3E39 /* Main.storyboard */ = {
			isa = PBXVariantGroup;
			children = (
				84C537A31FA88E0A003C3E39 /* Base */,
			);
			name = Main.storyboard;
			sourceTree = "<group>";
		};
		84C537A71FA88E0A003C3E39 /* LaunchScreen.storyboard */ = {
			isa = PBXVariantGroup;
			children = (
				84C537A81FA88E0A003C3E39 /* Base */,
			);
			name = LaunchScreen.storyboard;
			sourceTree = "<group>";
		};
/* End PBXVariantGroup section */

/* Begin XCBuildConfiguration section */
		84C537AB1FA88E0A003C3E39 /* Debug */ = {
			isa = XCBuildConfiguration;
			buildSettings = {
				ALWAYS_SEARCH_USER_PATHS = NO;
				CLANG_ANALYZER_NONNULL = YES;
				CLANG_ANALYZER_NUMBER_OBJECT_CONVERSION = YES_AGGRESSIVE;
				CLANG_CXX_LANGUAGE_STANDARD = "gnu++14";
				CLANG_CXX_LIBRARY = "libc++";
				CLANG_ENABLE_MODULES = YES;
				CLANG_ENABLE_OBJC_ARC = YES;
				CLANG_WARN_BLOCK_CAPTURE_AUTORELEASING = YES;
				CLANG_WARN_BOOL_CONVERSION = YES;
				CLANG_WARN_COMMA = YES;
				CLANG_WARN_CONSTANT_CONVERSION = YES;
				CLANG_WARN_DIRECT_OBJC_ISA_USAGE = YES_ERROR;
				CLANG_WARN_DOCUMENTATION_COMMENTS = YES;
				CLANG_WARN_EMPTY_BODY = YES;
				CLANG_WARN_ENUM_CONVERSION = YES;
				CLANG_WARN_INFINITE_RECURSION = YES;
				CLANG_WARN_INT_CONVERSION = YES;
				CLANG_WARN_NON_LITERAL_NULL_CONVERSION = YES;
				CLANG_WARN_OBJC_LITERAL_CONVERSION = YES;
				CLANG_WARN_OBJC_ROOT_CLASS = YES_ERROR;
				CLANG_WARN_RANGE_LOOP_ANALYSIS = YES;
				CLANG_WARN_STRICT_PROTOTYPES = YES;
				CLANG_WARN_SUSPICIOUS_MOVE = YES;
				CLANG_WARN_UNGUARDED_AVAILABILITY = YES_AGGRESSIVE;
				CLANG_WARN_UNREACHABLE_CODE = YES;
				CLANG_WARN__DUPLICATE_METHOD_MATCH = YES;
				CODE_SIGN_IDENTITY = "iPhone Developer";
				COPY_PHASE_STRIP = NO;
				DEBUG_INFORMATION_FORMAT = dwarf;
				ENABLE_STRICT_OBJC_MSGSEND = YES;
				ENABLE_TESTABILITY = YES;
				GCC_C_LANGUAGE_STANDARD = gnu11;
				GCC_DYNAMIC_NO_PIC = NO;
				GCC_NO_COMMON_BLOCKS = YES;
				GCC_OPTIMIZATION_LEVEL = 0;
				GCC_PREPROCESSOR_DEFINITIONS = (
					"DEBUG=1",
					"$(inherited)",
				);
				GCC_WARN_64_TO_32_BIT_CONVERSION = YES;
				GCC_WARN_ABOUT_RETURN_TYPE = YES_ERROR;
				GCC_WARN_UNDECLARED_SELECTOR = YES;
				GCC_WARN_UNINITIALIZED_AUTOS = YES_AGGRESSIVE;
				GCC_WARN_UNUSED_FUNCTION = YES;
				GCC_WARN_UNUSED_VARIABLE = YES;
				IPHONEOS_DEPLOYMENT_TARGET = 11.0;
				MTL_ENABLE_DEBUG_INFO = YES;
				ONLY_ACTIVE_ARCH = YES;
				SDKROOT = iphoneos;
				SWIFT_ACTIVE_COMPILATION_CONDITIONS = DEBUG;
				SWIFT_OPTIMIZATION_LEVEL = "-Onone";
			};
			name = Debug;
		};
		84C537AC1FA88E0A003C3E39 /* Release */ = {
			isa = XCBuildConfiguration;
			buildSettings = {
				ALWAYS_SEARCH_USER_PATHS = NO;
				CLANG_ANALYZER_NONNULL = YES;
				CLANG_ANALYZER_NUMBER_OBJECT_CONVERSION = YES_AGGRESSIVE;
				CLANG_CXX_LANGUAGE_STANDARD = "gnu++14";
				CLANG_CXX_LIBRARY = "libc++";
				CLANG_ENABLE_MODULES = YES;
				CLANG_ENABLE_OBJC_ARC = YES;
				CLANG_WARN_BLOCK_CAPTURE_AUTORELEASING = YES;
				CLANG_WARN_BOOL_CONVERSION = YES;
				CLANG_WARN_COMMA = YES;
				CLANG_WARN_CONSTANT_CONVERSION = YES;
				CLANG_WARN_DIRECT_OBJC_ISA_USAGE = YES_ERROR;
				CLANG_WARN_DOCUMENTATION_COMMENTS = YES;
				CLANG_WARN_EMPTY_BODY = YES;
				CLANG_WARN_ENUM_CONVERSION = YES;
				CLANG_WARN_INFINITE_RECURSION = YES;
				CLANG_WARN_INT_CONVERSION = YES;
				CLANG_WARN_NON_LITERAL_NULL_CONVERSION = YES;
				CLANG_WARN_OBJC_LITERAL_CONVERSION = YES;
				CLANG_WARN_OBJC_ROOT_CLASS = YES_ERROR;
				CLANG_WARN_RANGE_LOOP_ANALYSIS = YES;
				CLANG_WARN_STRICT_PROTOTYPES = YES;
				CLANG_WARN_SUSPICIOUS_MOVE = YES;
				CLANG_WARN_UNGUARDED_AVAILABILITY = YES_AGGRESSIVE;
				CLANG_WARN_UNREACHABLE_CODE = YES;
				CLANG_WARN__DUPLICATE_METHOD_MATCH = YES;
				CODE_SIGN_IDENTITY = "iPhone Developer";
				COPY_PHASE_STRIP = NO;
				DEBUG_INFORMATION_FORMAT = "dwarf-with-dsym";
				ENABLE_NS_ASSERTIONS = NO;
				ENABLE_STRICT_OBJC_MSGSEND = YES;
				GCC_C_LANGUAGE_STANDARD = gnu11;
				GCC_NO_COMMON_BLOCKS = YES;
				GCC_WARN_64_TO_32_BIT_CONVERSION = YES;
				GCC_WARN_ABOUT_RETURN_TYPE = YES_ERROR;
				GCC_WARN_UNDECLARED_SELECTOR = YES;
				GCC_WARN_UNINITIALIZED_AUTOS = YES_AGGRESSIVE;
				GCC_WARN_UNUSED_FUNCTION = YES;
				GCC_WARN_UNUSED_VARIABLE = YES;
				IPHONEOS_DEPLOYMENT_TARGET = 11.0;
				MTL_ENABLE_DEBUG_INFO = NO;
				SDKROOT = iphoneos;
				SWIFT_OPTIMIZATION_LEVEL = "-Owholemodule";
				VALIDATE_PRODUCT = YES;
			};
			name = Release;
		};
		84C537AE1FA88E0A003C3E39 /* Debug */ = {
			isa = XCBuildConfiguration;
			baseConfigurationReference = 2B924FEB9B0C95CFBD748A23 /* Pods-BinaryBlitzTestTask.debug.xcconfig */;
			buildSettings = {
				ASSETCATALOG_COMPILER_APPICON_NAME = AppIcon;
				CODE_SIGN_STYLE = Automatic;
				INFOPLIST_FILE = BinaryBlitzTestTask/Info.plist;
				LD_RUNPATH_SEARCH_PATHS = "$(inherited) @executable_path/Frameworks";
				PRODUCT_BUNDLE_IDENTIFIER = NS.BinaryBlitzTestTask;
				PRODUCT_NAME = "$(TARGET_NAME)";
				SWIFT_VERSION = 4.0;
				TARGETED_DEVICE_FAMILY = "1,2";
			};
			name = Debug;
		};
		84C537AF1FA88E0A003C3E39 /* Release */ = {
			isa = XCBuildConfiguration;
			baseConfigurationReference = 06ECDAA8D2DAAF148E0E663B /* Pods-BinaryBlitzTestTask.release.xcconfig */;
			buildSettings = {
				ASSETCATALOG_COMPILER_APPICON_NAME = AppIcon;
				CODE_SIGN_STYLE = Automatic;
				INFOPLIST_FILE = BinaryBlitzTestTask/Info.plist;
				LD_RUNPATH_SEARCH_PATHS = "$(inherited) @executable_path/Frameworks";
				PRODUCT_BUNDLE_IDENTIFIER = NS.BinaryBlitzTestTask;
				PRODUCT_NAME = "$(TARGET_NAME)";
				SWIFT_VERSION = 4.0;
				TARGETED_DEVICE_FAMILY = "1,2";
			};
			name = Release;
		};
/* End XCBuildConfiguration section */

/* Begin XCConfigurationList section */
		84C537961FA88E0A003C3E39 /* Build configuration list for PBXProject "BinaryBlitzTestTask" */ = {
			isa = XCConfigurationList;
			buildConfigurations = (
				84C537AB1FA88E0A003C3E39 /* Debug */,
				84C537AC1FA88E0A003C3E39 /* Release */,
			);
			defaultConfigurationIsVisible = 0;
			defaultConfigurationName = Release;
		};
		84C537AD1FA88E0A003C3E39 /* Build configuration list for PBXNativeTarget "BinaryBlitzTestTask" */ = {
			isa = XCConfigurationList;
			buildConfigurations = (
				84C537AE1FA88E0A003C3E39 /* Debug */,
				84C537AF1FA88E0A003C3E39 /* Release */,
			);
			defaultConfigurationIsVisible = 0;
			defaultConfigurationName = Release;
		};
/* End XCConfigurationList section */
	};
	rootObject = 84C537931FA88E0A003C3E39 /* Project object */;
}
